
Microsoft Visual Studio Solution File, Format Version 12.00
# Visual Studio Version 16
VisualStudioVersion = 16.0.31702.278
MinimumVisualStudioVersion = 10.0.40219.1
Project("{9A19103F-16F7-4668-BE54-9A1E7A4F7556}") = "ShoppingAssignment_SE151295", "ShoppingAssignment_SE151295\ShoppingAssignment_SE151295.csproj", "{F69C6C36-8C0D-40F3-810E-D307DC6DD180}"
EndProject
Global
	GlobalSection(SolutionConfigurationPlatforms) = preSolution
		Debug|Any CPU = Debug|Any CPU
		Release|Any CPU = Release|Any CPU
	EndGlobalSection
	GlobalSection(ProjectConfigurationPlatforms) = postSolution
		{F69C6C36-8C0D-40F3-810E-D307DC6DD180}.Debug|Any CPU.ActiveCfg = Debug|Any CPU
		{F69C6C36-8C0D-40F3-810E-D307DC6DD180}.Debug|Any CPU.Build.0 = Debug|Any CPU
		{F69C6C36-8C0D-40F3-810E-D307DC6DD180}.Release|Any CPU.ActiveCfg = Release|Any CPU
		{F69C6C36-8C0D-40F3-810E-D307DC6DD180}.Release|Any CPU.Build.0 = Release|Any CPU
	EndGlobalSection
	GlobalSection(SolutionProperties) = preSolution
		HideSolutionNode = FALSE
	EndGlobalSection
	GlobalSection(ExtensibilityGlobals) = postSolution
		SolutionGuid = {D511F956-4CFA-47E6-975E-7D3DD0EDFDFF}
	EndGlobalSection
EndGlobal
